
Microsoft Visual Studio Solution File, Format Version 12.00
# Visual Studio Version 17
VisualStudioVersion = 17.0.31903.59
MinimumVisualStudioVersion = 10.0.40219.1
Project("{FAE04EC0-301F-11D3-BF4B-00C04F79EFBC}") = "01-sintaxe-basica-csharp", "01-sintaxe-basica-csharp\01-sintaxe-basica-csharp.csproj", "{8480DFF0-0F9F-4CCD-93F7-0102C384A13D}"
EndProject
Project("{FAE04EC0-301F-11D3-BF4B-00C04F79EFBC}") = "02-tipos-de-operadores-csharp", "02-tipos-de-operadores-csharp\02-tipos-de-operadores-csharp.csproj", "{7BFB53FD-F584-47A4-BFAD-E058F9ECE79E}"
EndProject
Project("{FAE04EC0-301F-11D3-BF4B-00C04F79EFBC}") = "03-calculadora-aritmetica", "03-calculadora-aritmetica\03-calculadora-aritmetica.csproj", "{30CAE09B-FED6-41A8-B520-60CC595A9061}"
EndProject
Project("{FAE04EC0-301F-11D3-BF4B-00C04F79EFBC}") = "03-tipos-de-conversoes-scharp", "03-tipos-de-conversoes-scharp\03-tipos-de-conversoes-scharp.csproj", "{6C5AC2C1-E90B-4970-9096-B31FC7449990}"
EndProject
Project("{FAE04EC0-301F-11D3-BF4B-00C04F79EFBC}") = "04-estruturas-condicionais", "04-estruturas-condicionais\04-estruturas-condicionais.csproj", "{936222A5-9BC4-4F1B-A78C-0D3D70E43031}"
EndProject
Project("{FAE04EC0-301F-11D3-BF4B-00C04F79EFBC}") = "05-estruturas-de-repeticao", "05-estruturas-de-repeticao\05-estruturas-de-repeticao.csproj", "{307E7A54-50C5-4CF8-B13A-17245A91AD45}"
EndProject
Project("{FAE04EC0-301F-11D3-BF4B-00C04F79EFBC}") = "06-arrays-e-listas-scharp", "06-arrays-e-listas-scharp\06-arrays-e-listas-scharp.csproj", "{DF248517-1294-442B-A3BE-7E65258D3203}"
EndProject
Project("{FAE04EC0-301F-11D3-BF4B-00C04F79EFBC}") = "07PropriedadesMetodosContrutores", "07PropriedadesMetodosContrutores\07PropriedadesMetodosContrutores.csproj", "{8F6A215F-6C42-457C-B835-E497F7855BE0}"
EndProject
Project("{FAE04EC0-301F-11D3-BF4B-00C04F79EFBC}") = "08ManipulandoStrings", "08ManipulandoStrings\08ManipulandoStrings.csproj", "{AE0CE596-E979-422F-A2BD-4DB13CD1AE8E}"
EndProject
Project("{FAE04EC0-301F-11D3-BF4B-00C04F79EFBC}") = "09FormatandoValorMonetario", "09FormatandoValorMonetario\09FormatandoValorMonetario.csproj", "{FC4254E4-4A3D-4C2F-884B-67F174ED15B2}"
EndProject
Project("{FAE04EC0-301F-11D3-BF4B-00C04F79EFBC}") = "10FormatandoDateTime", "10FormatandoDateTime\10FormatandoDateTime.csproj", "{C3E619D8-DB84-452E-B18D-436160297C2C}"
EndProject
Project("{FAE04EC0-301F-11D3-BF4B-00C04F79EFBC}") = "11Excecoes", "11Excecoes\11Excecoes.csproj", "{0C39454E-464F-4B4E-BB9A-44C7638A2A79}"
EndProject
Global
	GlobalSection(SolutionConfigurationPlatforms) = preSolution
		Debug|Any CPU = Debug|Any CPU
		Debug|x64 = Debug|x64
		Debug|x86 = Debug|x86
		Release|Any CPU = Release|Any CPU
		Release|x64 = Release|x64
		Release|x86 = Release|x86
	EndGlobalSection
	GlobalSection(ProjectConfigurationPlatforms) = postSolution
		{8480DFF0-0F9F-4CCD-93F7-0102C384A13D}.Debug|Any CPU.ActiveCfg = Debug|Any CPU
		{8480DFF0-0F9F-4CCD-93F7-0102C384A13D}.Debug|Any CPU.Build.0 = Debug|Any CPU
		{8480DFF0-0F9F-4CCD-93F7-0102C384A13D}.Debug|x64.ActiveCfg = Debug|Any CPU
		{8480DFF0-0F9F-4CCD-93F7-0102C384A13D}.Debug|x64.Build.0 = Debug|Any CPU
		{8480DFF0-0F9F-4CCD-93F7-0102C384A13D}.Debug|x86.ActiveCfg = Debug|Any CPU
		{8480DFF0-0F9F-4CCD-93F7-0102C384A13D}.Debug|x86.Build.0 = Debug|Any CPU
		{8480DFF0-0F9F-4CCD-93F7-0102C384A13D}.Release|Any CPU.ActiveCfg = Release|Any CPU
		{8480DFF0-0F9F-4CCD-93F7-0102C384A13D}.Release|Any CPU.Build.0 = Release|Any CPU
		{8480DFF0-0F9F-4CCD-93F7-0102C384A13D}.Release|x64.ActiveCfg = Release|Any CPU
		{8480DFF0-0F9F-4CCD-93F7-0102C384A13D}.Release|x64.Build.0 = Release|Any CPU
		{8480DFF0-0F9F-4CCD-93F7-0102C384A13D}.Release|x86.ActiveCfg = Release|Any CPU
		{8480DFF0-0F9F-4CCD-93F7-0102C384A13D}.Release|x86.Build.0 = Release|Any CPU
		{7BFB53FD-F584-47A4-BFAD-E058F9ECE79E}.Debug|Any CPU.ActiveCfg = Debug|Any CPU
		{7BFB53FD-F584-47A4-BFAD-E058F9ECE79E}.Debug|Any CPU.Build.0 = Debug|Any CPU
		{7BFB53FD-F584-47A4-BFAD-E058F9ECE79E}.Debug|x64.ActiveCfg = Debug|Any CPU
		{7BFB53FD-F584-47A4-BFAD-E058F9ECE79E}.Debug|x64.Build.0 = Debug|Any CPU
		{7BFB53FD-F584-47A4-BFAD-E058F9ECE79E}.Debug|x86.ActiveCfg = Debug|Any CPU
		{7BFB53FD-F584-47A4-BFAD-E058F9ECE79E}.Debug|x86.Build.0 = Debug|Any CPU
		{7BFB53FD-F584-47A4-BFAD-E058F9ECE79E}.Release|Any CPU.ActiveCfg = Release|Any CPU
		{7BFB53FD-F584-47A4-BFAD-E058F9ECE79E}.Release|Any CPU.Build.0 = Release|Any CPU
		{7BFB53FD-F584-47A4-BFAD-E058F9ECE79E}.Release|x64.ActiveCfg = Release|Any CPU
		{7BFB53FD-F584-47A4-BFAD-E058F9ECE79E}.Release|x64.Build.0 = Release|Any CPU
		{7BFB53FD-F584-47A4-BFAD-E058F9ECE79E}.Release|x86.ActiveCfg = Release|Any CPU
		{7BFB53FD-F584-47A4-BFAD-E058F9ECE79E}.Release|x86.Build.0 = Release|Any CPU
		{30CAE09B-FED6-41A8-B520-60CC595A9061}.Debug|Any CPU.ActiveCfg = Debug|Any CPU
		{30CAE09B-FED6-41A8-B520-60CC595A9061}.Debug|Any CPU.Build.0 = Debug|Any CPU
		{30CAE09B-FED6-41A8-B520-60CC595A9061}.Debug|x64.ActiveCfg = Debug|Any CPU
		{30CAE09B-FED6-41A8-B520-60CC595A9061}.Debug|x64.Build.0 = Debug|Any CPU
		{30CAE09B-FED6-41A8-B520-60CC595A9061}.Debug|x86.ActiveCfg = Debug|Any CPU
		{30CAE09B-FED6-41A8-B520-60CC595A9061}.Debug|x86.Build.0 = Debug|Any CPU
		{30CAE09B-FED6-41A8-B520-60CC595A9061}.Release|Any CPU.ActiveCfg = Release|Any CPU
		{30CAE09B-FED6-41A8-B520-60CC595A9061}.Release|Any CPU.Build.0 = Release|Any CPU
		{30CAE09B-FED6-41A8-B520-60CC595A9061}.Release|x64.ActiveCfg = Release|Any CPU
		{30CAE09B-FED6-41A8-B520-60CC595A9061}.Release|x64.Build.0 = Release|Any CPU
		{30CAE09B-FED6-41A8-B520-60CC595A9061}.Release|x86.ActiveCfg = Release|Any CPU
		{30CAE09B-FED6-41A8-B520-60CC595A9061}.Release|x86.Build.0 = Release|Any CPU
		{6C5AC2C1-E90B-4970-9096-B31FC7449990}.Debug|Any CPU.ActiveCfg = Debug|Any CPU
		{6C5AC2C1-E90B-4970-9096-B31FC7449990}.Debug|Any CPU.Build.0 = Debug|Any CPU
		{6C5AC2C1-E90B-4970-9096-B31FC7449990}.Debug|x64.ActiveCfg = Debug|Any CPU
		{6C5AC2C1-E90B-4970-9096-B31FC7449990}.Debug|x64.Build.0 = Debug|Any CPU
		{6C5AC2C1-E90B-4970-9096-B31FC7449990}.Debug|x86.ActiveCfg = Debug|Any CPU
		{6C5AC2C1-E90B-4970-9096-B31FC7449990}.Debug|x86.Build.0 = Debug|Any CPU
		{6C5AC2C1-E90B-4970-9096-B31FC7449990}.Release|Any CPU.ActiveCfg = Release|Any CPU
		{6C5AC2C1-E90B-4970-9096-B31FC7449990}.Release|Any CPU.Build.0 = Release|Any CPU
		{6C5AC2C1-E90B-4970-9096-B31FC7449990}.Release|x64.ActiveCfg = Release|Any CPU
		{6C5AC2C1-E90B-4970-9096-B31FC7449990}.Release|x64.Build.0 = Release|Any CPU
		{6C5AC2C1-E90B-4970-9096-B31FC7449990}.Release|x86.ActiveCfg = Release|Any CPU
		{6C5AC2C1-E90B-4970-9096-B31FC7449990}.Release|x86.Build.0 = Release|Any CPU
		{936222A5-9BC4-4F1B-A78C-0D3D70E43031}.Debug|Any CPU.ActiveCfg = Debug|Any CPU
		{936222A5-9BC4-4F1B-A78C-0D3D70E43031}.Debug|Any CPU.Build.0 = Debug|Any CPU
		{936222A5-9BC4-4F1B-A78C-0D3D70E43031}.Debug|x64.ActiveCfg = Debug|Any CPU
		{936222A5-9BC4-4F1B-A78C-0D3D70E43031}.Debug|x64.Build.0 = Debug|Any CPU
		{936222A5-9BC4-4F1B-A78C-0D3D70E43031}.Debug|x86.ActiveCfg = Debug|Any CPU
		{936222A5-9BC4-4F1B-A78C-0D3D70E43031}.Debug|x86.Build.0 = Debug|Any CPU
		{936222A5-9BC4-4F1B-A78C-0D3D70E43031}.Release|Any CPU.ActiveCfg = Release|Any CPU
		{936222A5-9BC4-4F1B-A78C-0D3D70E43031}.Release|Any CPU.Build.0 = Release|Any CPU
		{936222A5-9BC4-4F1B-A78C-0D3D70E43031}.Release|x64.ActiveCfg = Release|Any CPU
		{936222A5-9BC4-4F1B-A78C-0D3D70E43031}.Release|x64.Build.0 = Release|Any CPU
		{936222A5-9BC4-4F1B-A78C-0D3D70E43031}.Release|x86.ActiveCfg = Release|Any CPU
		{936222A5-9BC4-4F1B-A78C-0D3D70E43031}.Release|x86.Build.0 = Release|Any CPU
		{307E7A54-50C5-4CF8-B13A-17245A91AD45}.Debug|Any CPU.ActiveCfg = Debug|Any CPU
		{307E7A54-50C5-4CF8-B13A-17245A91AD45}.Debug|Any CPU.Build.0 = Debug|Any CPU
		{307E7A54-50C5-4CF8-B13A-17245A91AD45}.Debug|x64.ActiveCfg = Debug|Any CPU
		{307E7A54-50C5-4CF8-B13A-17245A91AD45}.Debug|x64.Build.0 = Debug|Any CPU
		{307E7A54-50C5-4CF8-B13A-17245A91AD45}.Debug|x86.ActiveCfg = Debug|Any CPU
		{307E7A54-50C5-4CF8-B13A-17245A91AD45}.Debug|x86.Build.0 = Debug|Any CPU
		{307E7A54-50C5-4CF8-B13A-17245A91AD45}.Release|Any CPU.ActiveCfg = Release|Any CPU
		{307E7A54-50C5-4CF8-B13A-17245A91AD45}.Release|Any CPU.Build.0 = Release|Any CPU
		{307E7A54-50C5-4CF8-B13A-17245A91AD45}.Release|x64.ActiveCfg = Release|Any CPU
		{307E7A54-50C5-4CF8-B13A-17245A91AD45}.Release|x64.Build.0 = Release|Any CPU
		{307E7A54-50C5-4CF8-B13A-17245A91AD45}.Release|x86.ActiveCfg = Release|Any CPU
		{307E7A54-50C5-4CF8-B13A-17245A91AD45}.Release|x86.Build.0 = Release|Any CPU
		{DF248517-1294-442B-A3BE-7E65258D3203}.Debug|Any CPU.ActiveCfg = Debug|Any CPU
		{DF248517-1294-442B-A3BE-7E65258D3203}.Debug|Any CPU.Build.0 = Debug|Any CPU
		{DF248517-1294-442B-A3BE-7E65258D3203}.Debug|x64.ActiveCfg = Debug|Any CPU
		{DF248517-1294-442B-A3BE-7E65258D3203}.Debug|x64.Build.0 = Debug|Any CPU
		{DF248517-1294-442B-A3BE-7E65258D3203}.Debug|x86.ActiveCfg = Debug|Any CPU
		{DF248517-1294-442B-A3BE-7E65258D3203}.Debug|x86.Build.0 = Debug|Any CPU
		{DF248517-1294-442B-A3BE-7E65258D3203}.Release|Any CPU.ActiveCfg = Release|Any CPU
		{DF248517-1294-442B-A3BE-7E65258D3203}.Release|Any CPU.Build.0 = Release|Any CPU
		{DF248517-1294-442B-A3BE-7E65258D3203}.Release|x64.ActiveCfg = Release|Any CPU
		{DF248517-1294-442B-A3BE-7E65258D3203}.Release|x64.Build.0 = Release|Any CPU
		{DF248517-1294-442B-A3BE-7E65258D3203}.Release|x86.ActiveCfg = Release|Any CPU
		{DF248517-1294-442B-A3BE-7E65258D3203}.Release|x86.Build.0 = Release|Any CPU
		{8F6A215F-6C42-457C-B835-E497F7855BE0}.Debug|Any CPU.ActiveCfg = Debug|Any CPU
		{8F6A215F-6C42-457C-B835-E497F7855BE0}.Debug|Any CPU.Build.0 = Debug|Any CPU
		{8F6A215F-6C42-457C-B835-E497F7855BE0}.Debug|x64.ActiveCfg = Debug|Any CPU
		{8F6A215F-6C42-457C-B835-E497F7855BE0}.Debug|x64.Build.0 = Debug|Any CPU
		{8F6A215F-6C42-457C-B835-E497F7855BE0}.Debug|x86.ActiveCfg = Debug|Any CPU
		{8F6A215F-6C42-457C-B835-E497F7855BE0}.Debug|x86.Build.0 = Debug|Any CPU
		{8F6A215F-6C42-457C-B835-E497F7855BE0}.Release|Any CPU.ActiveCfg = Release|Any CPU
		{8F6A215F-6C42-457C-B835-E497F7855BE0}.Release|Any CPU.Build.0 = Release|Any CPU
		{8F6A215F-6C42-457C-B835-E497F7855BE0}.Release|x64.ActiveCfg = Release|Any CPU
		{8F6A215F-6C42-457C-B835-E497F7855BE0}.Release|x64.Build.0 = Release|Any CPU
		{8F6A215F-6C42-457C-B835-E497F7855BE0}.Release|x86.ActiveCfg = Release|Any CPU
		{8F6A215F-6C42-457C-B835-E497F7855BE0}.Release|x86.Build.0 = Release|Any CPU
		{AE0CE596-E979-422F-A2BD-4DB13CD1AE8E}.Debug|Any CPU.ActiveCfg = Debug|Any CPU
		{AE0CE596-E979-422F-A2BD-4DB13CD1AE8E}.Debug|Any CPU.Build.0 = Debug|Any CPU
		{AE0CE596-E979-422F-A2BD-4DB13CD1AE8E}.Debug|x64.ActiveCfg = Debug|Any CPU
		{AE0CE596-E979-422F-A2BD-4DB13CD1AE8E}.Debug|x64.Build.0 = Debug|Any CPU
		{AE0CE596-E979-422F-A2BD-4DB13CD1AE8E}.Debug|x86.ActiveCfg = Debug|Any CPU
		{AE0CE596-E979-422F-A2BD-4DB13CD1AE8E}.Debug|x86.Build.0 = Debug|Any CPU
		{AE0CE596-E979-422F-A2BD-4DB13CD1AE8E}.Release|Any CPU.ActiveCfg = Release|Any CPU
		{AE0CE596-E979-422F-A2BD-4DB13CD1AE8E}.Release|Any CPU.Build.0 = Release|Any CPU
		{AE0CE596-E979-422F-A2BD-4DB13CD1AE8E}.Release|x64.ActiveCfg = Release|Any CPU
		{AE0CE596-E979-422F-A2BD-4DB13CD1AE8E}.Release|x64.Build.0 = Release|Any CPU
		{AE0CE596-E979-422F-A2BD-4DB13CD1AE8E}.Release|x86.ActiveCfg = Release|Any CPU
		{AE0CE596-E979-422F-A2BD-4DB13CD1AE8E}.Release|x86.Build.0 = Release|Any CPU
		{FC4254E4-4A3D-4C2F-884B-67F174ED15B2}.Debug|Any CPU.ActiveCfg = Debug|Any CPU
		{FC4254E4-4A3D-4C2F-884B-67F174ED15B2}.Debug|Any CPU.Build.0 = Debug|Any CPU
		{FC4254E4-4A3D-4C2F-884B-67F174ED15B2}.Debug|x64.ActiveCfg = Debug|Any CPU
		{FC4254E4-4A3D-4C2F-884B-67F174ED15B2}.Debug|x64.Build.0 = Debug|Any CPU
		{FC4254E4-4A3D-4C2F-884B-67F174ED15B2}.Debug|x86.ActiveCfg = Debug|Any CPU
		{FC4254E4-4A3D-4C2F-884B-67F174ED15B2}.Debug|x86.Build.0 = Debug|Any CPU
		{FC4254E4-4A3D-4C2F-884B-67F174ED15B2}.Release|Any CPU.ActiveCfg = Release|Any CPU
		{FC4254E4-4A3D-4C2F-884B-67F174ED15B2}.Release|Any CPU.Build.0 = Release|Any CPU
		{FC4254E4-4A3D-4C2F-884B-67F174ED15B2}.Release|x64.ActiveCfg = Release|Any CPU
		{FC4254E4-4A3D-4C2F-884B-67F174ED15B2}.Release|x64.Build.0 = Release|Any CPU
		{FC4254E4-4A3D-4C2F-884B-67F174ED15B2}.Release|x86.ActiveCfg = Release|Any CPU
		{FC4254E4-4A3D-4C2F-884B-67F174ED15B2}.Release|x86.Build.0 = Release|Any CPU
		{C3E619D8-DB84-452E-B18D-436160297C2C}.Debug|Any CPU.ActiveCfg = Debug|Any CPU
		{C3E619D8-DB84-452E-B18D-436160297C2C}.Debug|Any CPU.Build.0 = Debug|Any CPU
		{C3E619D8-DB84-452E-B18D-436160297C2C}.Debug|x64.ActiveCfg = Debug|Any CPU
		{C3E619D8-DB84-452E-B18D-436160297C2C}.Debug|x64.Build.0 = Debug|Any CPU
		{C3E619D8-DB84-452E-B18D-436160297C2C}.Debug|x86.ActiveCfg = Debug|Any CPU
		{C3E619D8-DB84-452E-B18D-436160297C2C}.Debug|x86.Build.0 = Debug|Any CPU
		{C3E619D8-DB84-452E-B18D-436160297C2C}.Release|Any CPU.ActiveCfg = Release|Any CPU
		{C3E619D8-DB84-452E-B18D-436160297C2C}.Release|Any CPU.Build.0 = Release|Any CPU
		{C3E619D8-DB84-452E-B18D-436160297C2C}.Release|x64.ActiveCfg = Release|Any CPU
		{C3E619D8-DB84-452E-B18D-436160297C2C}.Release|x64.Build.0 = Release|Any CPU
		{C3E619D8-DB84-452E-B18D-436160297C2C}.Release|x86.ActiveCfg = Release|Any CPU
		{C3E619D8-DB84-452E-B18D-436160297C2C}.Release|x86.Build.0 = Release|Any CPU
		{0C39454E-464F-4B4E-BB9A-44C7638A2A79}.Debug|Any CPU.ActiveCfg = Debug|Any CPU
		{0C39454E-464F-4B4E-BB9A-44C7638A2A79}.Debug|Any CPU.Build.0 = Debug|Any CPU
		{0C39454E-464F-4B4E-BB9A-44C7638A2A79}.Debug|x64.ActiveCfg = Debug|Any CPU
		{0C39454E-464F-4B4E-BB9A-44C7638A2A79}.Debug|x64.Build.0 = Debug|Any CPU
		{0C39454E-464F-4B4E-BB9A-44C7638A2A79}.Debug|x86.ActiveCfg = Debug|Any CPU
		{0C39454E-464F-4B4E-BB9A-44C7638A2A79}.Debug|x86.Build.0 = Debug|Any CPU
		{0C39454E-464F-4B4E-BB9A-44C7638A2A79}.Release|Any CPU.ActiveCfg = Release|Any CPU
		{0C39454E-464F-4B4E-BB9A-44C7638A2A79}.Release|Any CPU.Build.0 = Release|Any CPU
		{0C39454E-464F-4B4E-BB9A-44C7638A2A79}.Release|x64.ActiveCfg = Release|Any CPU
		{0C39454E-464F-4B4E-BB9A-44C7638A2A79}.Release|x64.Build.0 = Release|Any CPU
		{0C39454E-464F-4B4E-BB9A-44C7638A2A79}.Release|x86.ActiveCfg = Release|Any CPU
		{0C39454E-464F-4B4E-BB9A-44C7638A2A79}.Release|x86.Build.0 = Release|Any CPU
	EndGlobalSection
	GlobalSection(SolutionProperties) = preSolution
		HideSolutionNode = FALSE
	EndGlobalSection
EndGlobal
